# This file is autogenerated, do not edit; changes may be undone by the next 'dep ensure'.


[[projects]]
  name = "github.com/inconshreveable/mousetrap"
  packages = ["."]
  revision = "76626ae9c91c4f2a10f34cad8ce83ea42c93bb75"
  version = "v1.0.0"

[[projects]]
  name = "github.com/jaypipes/ghw"
  packages = ["."]
  revision = "8fc4046cb80975e821e632e79fc8815ceaa11a0f"
  version = "0.1"

[[projects]]
  name = "github.com/spf13/cobra"
  packages = ["."]
  revision = "ef82de70bb3f60c65fb8eebacbb2d122ef517385"
  version = "v0.0.3"

[[projects]]
  name = "github.com/spf13/pflag"
  packages = ["."]
  revision = "9a97c102cda95a86cec2345a6f09f55a939babf5"
  version = "v1.0.2"

[solve-meta]
  analyzer-name = "dep"
  analyzer-version = 1
  inputs-digest = "4a4e4f19861e7b57aa8d71aea59ed8f8db13c8dd882cc02e75e846ebe8f758d0"
  solver-name = "gps-cdcl"
  solver-version = 1
